
Microsoft Visual Studio Solution File, Format Version 12.00
# Visual Studio Version 17
VisualStudioVersion = 17.7.34031.279
MinimumVisualStudioVersion = 10.0.40219.1
Project("{888888A0-9F3D-457C-B088-3A5042F75D52}") = "Practica08python", "Practica08python\Practica08python.pyproj", "{60A287BB-B53A-4059-B23A-0F6C5A87EB43}"
EndProject
Global
	GlobalSection(SolutionConfigurationPlatforms) = preSolution
		Debug|Any CPU = Debug|Any CPU
		Release|Any CPU = Release|Any CPU
	EndGlobalSection
	GlobalSection(ProjectConfigurationPlatforms) = postSolution
		{60A287BB-B53A-4059-B23A-0F6C5A87EB43}.Debug|Any CPU.ActiveCfg = Debug|Any CPU
		{60A287BB-B53A-4059-B23A-0F6C5A87EB43}.Release|Any CPU.ActiveCfg = Release|Any CPU
	EndGlobalSection
	GlobalSection(SolutionProperties) = preSolution
		HideSolutionNode = FALSE
	EndGlobalSection
	GlobalSection(ExtensibilityGlobals) = postSolution
		SolutionGuid = {5E6CF28A-C079-4D5C-90CE-830E3F240ED2}
	EndGlobalSection
EndGlobal
